
Microsoft Visual Studio Solution File, Format Version 12.00
# Visual Studio 14
VisualStudioVersion = 14.0.23107.0
MinimumVisualStudioVersion = 10.0.40219.1
Project("{FAE04EC0-301F-11D3-BF4B-00C04F79EFBC}") = "Assignment6Contract", "Assignment6Contract\Assignment6Contract.csproj", "{781AD291-63C1-4627-B93C-2E51330E0CD0}"
EndProject
Global
	GlobalSection(SolutionConfigurationPlatforms) = preSolution
		Debug|Any CPU = Debug|Any CPU
		Release|Any CPU = Release|Any CPU
	EndGlobalSection
	GlobalSection(ProjectConfigurationPlatforms) = postSolution
		{781AD291-63C1-4627-B93C-2E51330E0CD0}.Debug|Any CPU.ActiveCfg = Debug|Any CPU
		{781AD291-63C1-4627-B93C-2E51330E0CD0}.Debug|Any CPU.Build.0 = Debug|Any CPU
		{781AD291-63C1-4627-B93C-2E51330E0CD0}.Release|Any CPU.ActiveCfg = Release|Any CPU
		{781AD291-63C1-4627-B93C-2E51330E0CD0}.Release|Any CPU.Build.0 = Release|Any CPU
	EndGlobalSection
	GlobalSection(SolutionProperties) = preSolution
		HideSolutionNode = FALSE
	EndGlobalSection
EndGlobal
